github.com/jfjallid/ber v1.1.0 h1:hVaxa1K4vBwh5Arvc70uhatZephEgJpRTHKQCf4u7OA=
github.com/jfjallid/ber v1.1.0/go.mod h1:EJC7yARA25HsUp0G498XpiJahwGx+T+HKh2LHZ/QslA=
github.com/jfjallid/go-smb v0.4.0 h1:xAk7szRqVzvmG//o/UVccLEcxiCwdFp4NefgnOGBWLA=
github.com/jfjallid/go-smb v0.4.0/go.mod h1:LccOuPoXGyNtqYSfr6p3zPev9BlA12W/5S5YWllgjZI=
github.com/jfjallid/golog v0.3.3 h1:dY6qf8wTxJ9OwBPVTadVRDmt/6MVXSWwXrxaGMMyXsU=
github.com/jfjallid/golog v0.3.3/go.mod h1:19Q/zg5OgPPd0xhFllokPnMzthzhFPZmiAGAokE7k58=
golang.org/x/crypto v0.17.0 h1:r8bRNjWL3GshPW3gkd+RpvzWrZAwPS49OmTGZ/uhM4k=
golang.org/x/crypto v0.17.0/go.mod h1:gCAAfMLgwOJRpTjQ2zCCt2OcSfYMTeZVSRtQlPC7Nq4=
golang.org/x/net v0.10.0 h1:X2//UzNDwYmtCLn7To6G58Wr6f5ahEAQgKNzv9Y951M=
golang.org/x/net v0.10.0/go.mod h1:0qNGK6F8kojg2nk9dLZ2mShWaEBan6FAoqfSigmmuDg=
golang.org/x/sys v0.15.0 h1:h48lPFYpsTvQJZF4EKyI4aLHaev3CxivZmv7yZig9pc=
golang.org/x/sys v0.15.0/go.mod h1:/VUhepiaJMQUp4+oa/7Zr1D23ma6VTLIYjOOTFZPUcA=
golang.org/x/term v0.15.0 h1:y/Oo/a/q3IXu26lQgl04j/gjuBDOBlx7X6Om1j2CPW4=
golang.org/x/term v0.15.0/go.mod h1:BDl952bC7+uMoWR75FIrCDx79TPU9oHkTZ9yRbYOrX0=
